{
  "name": "ts-validator.executor",
  "version": "0.1.0",
  "lockfileVersion": 1,
  "requires": true,
  "dependencies": {
    "ts-validator.code-gen": {
      "version": "file:../ts-validator.code-gen",
      "requires": {
        "@types/lodash": "^4.14.123",
        "@types/node": "^11.13.4",
        "lodash": "^4.17.11",
        "ts-validator.core": "file:../ts-validator.core"
      },
      "dependencies": {
        "@types/lodash": {
          "version": "4.14.123",
          "bundled": true
        },
        "@types/node": {
          "version": "11.13.4",
          "bundled": true
        },
        "lodash": {
          "version": "4.17.11",
          "bundled": true
        },
        "ts-validator.core": {
          "version": "file:../ts-validator.core",
          "bundled": true,
          "dependencies": {
            "@types/typescript": {
              "version": "2.0.0",
              "bundled": true,
              "requires": {
                "typescript": "*"
              }
            },
            "typescript": {
              "version": "3.4.3",
              "bundled": true
            }
          }
        },
        "typescript": {
          "version": "3.4.3",
          "bundled": true
        }
      }
    },
    "typescript": {
      "version": "3.4.3",
      "resolved": "https://registry.npmjs.org/typescript/-/typescript-3.4.3.tgz",
      "integrity": "sha512-FFgHdPt4T/duxx6Ndf7hwgMZZjZpB+U0nMNGVCYPq0rEzWKjEDobm4J6yb3CS7naZ0yURFqdw9Gwc7UOh/P9oQ==",
      "dev": true
    }
  }
}
